
Microsoft Visual Studio Solution File, Format Version 12.00
# Visual Studio 14
VisualStudioVersion = 14.0.25123.0
MinimumVisualStudioVersion = 10.0.40219.1
Project("{8BC9CEB8-8B4A-11D0-8D11-00A0C91BC942}") = "netmap", "netmap.vcxproj", "{789055E4-2677-413D-A638-3E2AED7C7427}"
EndProject
Project("{8BC9CEB8-8B4A-11D0-8D11-00A0C91BC942}") = "netmap-pkg", "netmap-pkg.vcxproj", "{72648F4C-6AAA-4E69-99C9-66D9D6400EE9}"
	ProjectSection(ProjectDependencies) = postProject
		{789055E4-2677-413D-A638-3E2AED7C7427} = {789055E4-2677-413D-A638-3E2AED7C7427}
	EndProjectSection
EndProject
Project("{8BC9CEB8-8B4A-11D0-8D11-00A0C91BC942}") = "loader", "Loader\loader.vcxproj", "{A0394AC2-3D0E-4B5E-9F5F-FA4CEE1ABBED}"
EndProject
Project("{2150E333-8FDC-42A3-9474-1A3956D46DE8}") = "ndis6", "ndis6", "{D93B3836-DCAF-4E38-9E2F-9D22C64DA946}"
EndProject
Project("{2150E333-8FDC-42A3-9474-1A3956D46DE8}") = "core", "core", "{84E0C4A9-E647-4ECB-B7B6-76D908925A15}"
EndProject
Project("{8BC9CEB8-8B4A-11D0-8D11-00A0C91BC942}") = "nm-ndis", "nm-ndis\nm-ndis.vcxproj", "{86BB0F88-ECD9-4E2C-AD47-AE4071D1DE10}"
EndProject
Project("{8BC9CEB8-8B4A-11D0-8D11-00A0C91BC942}") = "nm-ndis-pkg", "nm-ndis\nm-ndis-pkg.vcxproj", "{F54EA0D4-064F-4AD9-AA21-8F9F3B90AC8E}"
	ProjectSection(ProjectDependencies) = postProject
		{86BB0F88-ECD9-4E2C-AD47-AE4071D1DE10} = {86BB0F88-ECD9-4E2C-AD47-AE4071D1DE10}
	EndProjectSection
EndProject
Global
	GlobalSection(SolutionConfigurationPlatforms) = preSolution
		Debug|Win32 = Debug|Win32
		Debug|x64 = Debug|x64
		Release|Win32 = Release|Win32
		Release|x64 = Release|x64
		Win10 Debug|Win32 = Win10 Debug|Win32
		Win10 Debug|x64 = Win10 Debug|x64
		Win10 Release|Win32 = Win10 Release|Win32
		Win10 Release|x64 = Win10 Release|x64
		Win7 Debug|Win32 = Win7 Debug|Win32
		Win7 Debug|x64 = Win7 Debug|x64
		Win7 Release|Win32 = Win7 Release|Win32
		Win7 Release|x64 = Win7 Release|x64
		Win8 Debug|Win32 = Win8 Debug|Win32
		Win8 Debug|x64 = Win8 Debug|x64
		Win8 Release|Win32 = Win8 Release|Win32
		Win8 Release|x64 = Win8 Release|x64
		Win8.1 Debug|Win32 = Win8.1 Debug|Win32
		Win8.1 Debug|x64 = Win8.1 Debug|x64
		Win8.1 Release|Win32 = Win8.1 Release|Win32
		Win8.1 Release|x64 = Win8.1 Release|x64
	EndGlobalSection
	GlobalSection(ProjectConfigurationPlatforms) = postSolution
		{789055E4-2677-413D-A638-3E2AED7C7427}.Debug|Win32.ActiveCfg = Win8.1 Release|x64
		{789055E4-2677-413D-A638-3E2AED7C7427}.Debug|Win32.Build.0 = Win8.1 Release|x64
		{789055E4-2677-413D-A638-3E2AED7C7427}.Debug|x64.ActiveCfg = Win8.1 Release|x64
		{789055E4-2677-413D-A638-3E2AED7C7427}.Debug|x64.Build.0 = Win8.1 Release|x64
		{789055E4-2677-413D-A638-3E2AED7C7427}.Debug|x64.Deploy.0 = Win8.1 Debug|x64
		{789055E4-2677-413D-A638-3E2AED7C7427}.Release|Win32.ActiveCfg = Win8.1 Release|x64
		{789055E4-2677-413D-A638-3E2AED7C7427}.Release|Win32.Build.0 = Win8.1 Release|x64
		{789055E4-2677-413D-A638-3E2AED7C7427}.Release|x64.ActiveCfg = Win8.1 Release|x64
		{789055E4-2677-413D-A638-3E2AED7C7427}.Release|x64.Build.0 = Win8.1 Release|x64
		{789055E4-2677-413D-A638-3E2AED7C7427}.Release|x64.Deploy.0 = Win8.1 Release|x64
		{789055E4-2677-413D-A638-3E2AED7C7427}.Win10 Debug|Win32.ActiveCfg = Win10 Debug|Win32
		{789055E4-2677-413D-A638-3E2AED7C7427}.Win10 Debug|Win32.Build.0 = Win10 Debug|Win32
		{789055E4-2677-413D-A638-3E2AED7C7427}.Win10 Debug|Win32.Deploy.0 = Win10 Debug|Win32
		{789055E4-2677-413D-A638-3E2AED7C7427}.Win10 Debug|x64.ActiveCfg = Win10 Debug|x64
		{789055E4-2677-413D-A638-3E2AED7C7427}.Win10 Debug|x64.Build.0 = Win10 Debug|x64
		{789055E4-2677-413D-A638-3E2AED7C7427}.Win10 Debug|x64.Deploy.0 = Win10 Debug|x64
		{789055E4-2677-413D-A638-3E2AED7C7427}.Win10 Release|Win32.ActiveCfg = Win10 Release|Win32
		{789055E4-2677-413D-A638-3E2AED7C7427}.Win10 Release|Win32.Build.0 = Win10 Release|Win32
		{789055E4-2677-413D-A638-3E2AED7C7427}.Win10 Release|Win32.Deploy.0 = Win10 Release|Win32
		{789055E4-2677-413D-A638-3E2AED7C7427}.Win10 Release|x64.ActiveCfg = Win10 Release|x64
		{789055E4-2677-413D-A638-3E2AED7C7427}.Win10 Release|x64.Build.0 = Win10 Release|x64
		{789055E4-2677-413D-A638-3E2AED7C7427}.Win10 Release|x64.Deploy.0 = Win10 Release|x64
		{789055E4-2677-413D-A638-3E2AED7C7427}.Win7 Debug|Win32.ActiveCfg = Win7 Debug|Win32
		{789055E4-2677-413D-A638-3E2AED7C7427}.Win7 Debug|Win32.Build.0 = Win7 Debug|Win32
		{789055E4-2677-413D-A638-3E2AED7C7427}.Win7 Debug|x64.ActiveCfg = Win7 Debug|x64
		{789055E4-2677-413D-A638-3E2AED7C7427}.Win7 Debug|x64.Build.0 = Win7 Debug|x64
		{789055E4-2677-413D-A638-3E2AED7C7427}.Win7 Debug|x64.Deploy.0 = Win7 Debug|x64
		{789055E4-2677-413D-A638-3E2AED7C7427}.Win7 Release|Win32.ActiveCfg = Win7 Release|Win32
		{789055E4-2677-413D-A638-3E2AED7C7427}.Win7 Release|Win32.Build.0 = Win7 Release|Win32
		{789055E4-2677-413D-A638-3E2AED7C7427}.Win7 Release|x64.ActiveCfg = Win7 Release|x64
		{789055E4-2677-413D-A638-3E2AED7C7427}.Win7 Release|x64.Build.0 = Win7 Release|x64
		{789055E4-2677-413D-A638-3E2AED7C7427}.Win7 Release|x64.Deploy.0 = Win7 Release|x64
		{789055E4-2677-413D-A638-3E2AED7C7427}.Win8 Debug|Win32.ActiveCfg = Win8 Debug|Win32
		{789055E4-2677-413D-A638-3E2AED7C7427}.Win8 Debug|Win32.Build.0 = Win8 Debug|Win32
		{789055E4-2677-413D-A638-3E2AED7C7427}.Win8 Debug|x64.ActiveCfg = Win8 Debug|x64
		{789055E4-2677-413D-A638-3E2AED7C7427}.Win8 Debug|x64.Build.0 = Win8 Debug|x64
		{789055E4-2677-413D-A638-3E2AED7C7427}.Win8 Debug|x64.Deploy.0 = Win8 Debug|x64
		{789055E4-2677-413D-A638-3E2AED7C7427}.Win8 Release|Win32.ActiveCfg = Win8 Release|Win32
		{789055E4-2677-413D-A638-3E2AED7C7427}.Win8 Release|Win32.Build.0 = Win8 Release|Win32
		{789055E4-2677-413D-A638-3E2AED7C7427}.Win8 Release|x64.ActiveCfg = Win8 Release|x64
		{789055E4-2677-413D-A638-3E2AED7C7427}.Win8 Release|x64.Build.0 = Win8 Release|x64
		{789055E4-2677-413D-A638-3E2AED7C7427}.Win8 Release|x64.Deploy.0 = Win8 Release|x64
		{789055E4-2677-413D-A638-3E2AED7C7427}.Win8.1 Debug|Win32.ActiveCfg = Win8.1 Debug|Win32
		{789055E4-2677-413D-A638-3E2AED7C7427}.Win8.1 Debug|Win32.Build.0 = Win8.1 Debug|Win32
		{789055E4-2677-413D-A638-3E2AED7C7427}.Win8.1 Debug|x64.ActiveCfg = Win8.1 Debug|x64
		{789055E4-2677-413D-A638-3E2AED7C7427}.Win8.1 Debug|x64.Build.0 = Win8.1 Debug|x64
		{789055E4-2677-413D-A638-3E2AED7C7427}.Win8.1 Debug|x64.Deploy.0 = Win8.1 Debug|x64
		{789055E4-2677-413D-A638-3E2AED7C7427}.Win8.1 Release|Win32.ActiveCfg = Win8.1 Release|Win32
		{789055E4-2677-413D-A638-3E2AED7C7427}.Win8.1 Release|Win32.Build.0 = Win8.1 Release|Win32
		{789055E4-2677-413D-A638-3E2AED7C7427}.Win8.1 Release|x64.ActiveCfg = Win8.1 Release|x64
		{789055E4-2677-413D-A638-3E2AED7C7427}.Win8.1 Release|x64.Build.0 = Win8.1 Release|x64
		{789055E4-2677-413D-A638-3E2AED7C7427}.Win8.1 Release|x64.Deploy.0 = Win8.1 Release|x64
		{72648F4C-6AAA-4E69-99C9-66D9D6400EE9}.Debug|Win32.ActiveCfg = Win8.1 Release|x64
		{72648F4C-6AAA-4E69-99C9-66D9D6400EE9}.Debug|Win32.Build.0 = Win8.1 Release|x64
		{72648F4C-6AAA-4E69-99C9-66D9D6400EE9}.Debug|x64.ActiveCfg = Win8.1 Release|x64
		{72648F4C-6AAA-4E69-99C9-66D9D6400EE9}.Debug|x64.Build.0 = Win8.1 Release|x64
		{72648F4C-6AAA-4E69-99C9-66D9D6400EE9}.Debug|x64.Deploy.0 = Win8.1 Debug|x64
		{72648F4C-6AAA-4E69-99C9-66D9D6400EE9}.Release|Win32.ActiveCfg = Win8.1 Release|x64
		{72648F4C-6AAA-4E69-99C9-66D9D6400EE9}.Release|Win32.Build.0 = Win8.1 Release|x64
		{72648F4C-6AAA-4E69-99C9-66D9D6400EE9}.Release|x64.ActiveCfg = Win8.1 Release|x64
		{72648F4C-6AAA-4E69-99C9-66D9D6400EE9}.Release|x64.Build.0 = Win8.1 Release|x64
		{72648F4C-6AAA-4E69-99C9-66D9D6400EE9}.Release|x64.Deploy.0 = Win8.1 Release|x64
		{72648F4C-6AAA-4E69-99C9-66D9D6400EE9}.Win10 Debug|Win32.ActiveCfg = Win10 Debug|Win32
		{72648F4C-6AAA-4E69-99C9-66D9D6400EE9}.Win10 Debug|Win32.Build.0 = Win10 Debug|Win32
		{72648F4C-6AAA-4E69-99C9-66D9D6400EE9}.Win10 Debug|Win32.Deploy.0 = Win10 Debug|Win32
		{72648F4C-6AAA-4E69-99C9-66D9D6400EE9}.Win10 Debug|x64.ActiveCfg = Win10 Debug|x64
		{72648F4C-6AAA-4E69-99C9-66D9D6400EE9}.Win10 Debug|x64.Build.0 = Win10 Debug|x64
		{72648F4C-6AAA-4E69-99C9-66D9D6400EE9}.Win10 Debug|x64.Deploy.0 = Win10 Debug|x64
		{72648F4C-6AAA-4E69-99C9-66D9D6400EE9}.Win10 Release|Win32.ActiveCfg = Win10 Release|Win32
		{72648F4C-6AAA-4E69-99C9-66D9D6400EE9}.Win10 Release|Win32.Build.0 = Win10 Release|Win32
		{72648F4C-6AAA-4E69-99C9-66D9D6400EE9}.Win10 Release|Win32.Deploy.0 = Win10 Release|Win32
		{72648F4C-6AAA-4E69-99C9-66D9D6400EE9}.Win10 Release|x64.ActiveCfg = Win10 Release|x64
		{72648F4C-6AAA-4E69-99C9-66D9D6400EE9}.Win10 Release|x64.Build.0 = Win10 Release|x64
		{72648F4C-6AAA-4E69-99C9-66D9D6400EE9}.Win10 Release|x64.Deploy.0 = Win10 Release|x64
		{72648F4C-6AAA-4E69-99C9-66D9D6400EE9}.Win7 Debug|Win32.ActiveCfg = Win7 Debug|Win32
		{72648F4C-6AAA-4E69-99C9-66D9D6400EE9}.Win7 Debug|Win32.Build.0 = Win7 Debug|Win32
		{72648F4C-6AAA-4E69-99C9-66D9D6400EE9}.Win7 Debug|x64.ActiveCfg = Win7 Debug|x64
		{72648F4C-6AAA-4E69-99C9-66D9D6400EE9}.Win7 Debug|x64.Build.0 = Win7 Debug|x64
		{72648F4C-6AAA-4E69-99C9-66D9D6400EE9}.Win7 Debug|x64.Deploy.0 = Win7 Debug|x64
		{72648F4C-6AAA-4E69-99C9-66D9D6400EE9}.Win7 Release|Win32.ActiveCfg = Win7 Release|Win32
		{72648F4C-6AAA-4E69-99C9-66D9D6400EE9}.Win7 Release|Win32.Build.0 = Win7 Release|Win32
		{72648F4C-6AAA-4E69-99C9-66D9D6400EE9}.Win7 Release|x64.ActiveCfg = Win7 Release|x64
		{72648F4C-6AAA-4E69-99C9-66D9D6400EE9}.Win7 Release|x64.Build.0 = Win7 Release|x64
		{72648F4C-6AAA-4E69-99C9-66D9D6400EE9}.Win7 Release|x64.Deploy.0 = Win7 Release|x64
		{72648F4C-6AAA-4E69-99C9-66D9D6400EE9}.Win8 Debug|Win32.ActiveCfg = Win8 Debug|Win32
		{72648F4C-6AAA-4E69-99C9-66D9D6400EE9}.Win8 Debug|Win32.Build.0 = Win8 Debug|Win32
		{72648F4C-6AAA-4E69-99C9-66D9D6400EE9}.Win8 Debug|x64.ActiveCfg = Win8 Debug|x64
		{72648F4C-6AAA-4E69-99C9-66D9D6400EE9}.Win8 Debug|x64.Build.0 = Win8 Debug|x64
		{72648F4C-6AAA-4E69-99C9-66D9D6400EE9}.Win8 Debug|x64.Deploy.0 = Win8 Debug|x64
		{72648F4C-6AAA-4E69-99C9-66D9D6400EE9}.Win8 Release|Win32.ActiveCfg = Win8.1 Release|Win32
		{72648F4C-6AAA-4E69-99C9-66D9D6400EE9}.Win8 Release|Win32.Build.0 = Win8.1 Release|Win32
		{72648F4C-6AAA-4E69-99C9-66D9D6400EE9}.Win8 Release|x64.ActiveCfg = Win8.1 Release|x64
		{72648F4C-6AAA-4E69-99C9-66D9D6400EE9}.Win8 Release|x64.Build.0 = Win8.1 Release|x64
		{72648F4C-6AAA-4E69-99C9-66D9D6400EE9}.Win8 Release|x64.Deploy.0 = Win8.1 Release|x64
		{72648F4C-6AAA-4E69-99C9-66D9D6400EE9}.Win8.1 Debug|Win32.ActiveCfg = Win8.1 Debug|Win32
		{72648F4C-6AAA-4E69-99C9-66D9D6400EE9}.Win8.1 Debug|Win32.Build.0 = Win8.1 Debug|Win32
		{72648F4C-6AAA-4E69-99C9-66D9D6400EE9}.Win8.1 Debug|x64.ActiveCfg = Win8.1 Debug|x64
		{72648F4C-6AAA-4E69-99C9-66D9D6400EE9}.Win8.1 Debug|x64.Build.0 = Win8.1 Debug|x64
		{72648F4C-6AAA-4E69-99C9-66D9D6400EE9}.Win8.1 Debug|x64.Deploy.0 = Win8.1 Debug|x64
		{72648F4C-6AAA-4E69-99C9-66D9D6400EE9}.Win8.1 Release|Win32.ActiveCfg = Win8.1 Release|Win32
		{72648F4C-6AAA-4E69-99C9-66D9D6400EE9}.Win8.1 Release|Win32.Build.0 = Win8.1 Release|Win32
		{72648F4C-6AAA-4E69-99C9-66D9D6400EE9}.Win8.1 Release|x64.ActiveCfg = Win8.1 Release|x64
		{72648F4C-6AAA-4E69-99C9-66D9D6400EE9}.Win8.1 Release|x64.Build.0 = Win8.1 Release|x64
		{72648F4C-6AAA-4E69-99C9-66D9D6400EE9}.Win8.1 Release|x64.Deploy.0 = Win8.1 Release|x64
		{A0394AC2-3D0E-4B5E-9F5F-FA4CEE1ABBED}.Debug|Win32.ActiveCfg = Win8.1 Release|x64
		{A0394AC2-3D0E-4B5E-9F5F-FA4CEE1ABBED}.Debug|Win32.Build.0 = Win8.1 Release|x64
		{A0394AC2-3D0E-4B5E-9F5F-FA4CEE1ABBED}.Debug|Win32.Deploy.0 = Win8.1 Release|x64
		{A0394AC2-3D0E-4B5E-9F5F-FA4CEE1ABBED}.Debug|x64.ActiveCfg = Win8.1 Release|x64
		{A0394AC2-3D0E-4B5E-9F5F-FA4CEE1ABBED}.Debug|x64.Build.0 = Win8.1 Release|x64
		{A0394AC2-3D0E-4B5E-9F5F-FA4CEE1ABBED}.Debug|x64.Deploy.0 = Win8.1 Release|x64
		{A0394AC2-3D0E-4B5E-9F5F-FA4CEE1ABBED}.Release|Win32.ActiveCfg = Win8.1 Release|x64
		{A0394AC2-3D0E-4B5E-9F5F-FA4CEE1ABBED}.Release|Win32.Build.0 = Win8.1 Release|x64
		{A0394AC2-3D0E-4B5E-9F5F-FA4CEE1ABBED}.Release|Win32.Deploy.0 = Win8.1 Release|x64
		{A0394AC2-3D0E-4B5E-9F5F-FA4CEE1ABBED}.Release|x64.ActiveCfg = Win8.1 Release|x64
		{A0394AC2-3D0E-4B5E-9F5F-FA4CEE1ABBED}.Release|x64.Build.0 = Win8.1 Release|x64
		{A0394AC2-3D0E-4B5E-9F5F-FA4CEE1ABBED}.Release|x64.Deploy.0 = Win8.1 Release|x64
		{A0394AC2-3D0E-4B5E-9F5F-FA4CEE1ABBED}.Win10 Debug|Win32.ActiveCfg = Win10 Debug|Win32
		{A0394AC2-3D0E-4B5E-9F5F-FA4CEE1ABBED}.Win10 Debug|Win32.Build.0 = Win10 Debug|Win32
		{A0394AC2-3D0E-4B5E-9F5F-FA4CEE1ABBED}.Win10 Debug|x64.ActiveCfg = Win10 Debug|x64
		{A0394AC2-3D0E-4B5E-9F5F-FA4CEE1ABBED}.Win10 Debug|x64.Build.0 = Win10 Debug|x64
		{A0394AC2-3D0E-4B5E-9F5F-FA4CEE1ABBED}.Win10 Release|Win32.ActiveCfg = Win10 Release|Win32
		{A0394AC2-3D0E-4B5E-9F5F-FA4CEE1ABBED}.Win10 Release|Win32.Build.0 = Win10 Release|Win32
		{A0394AC2-3D0E-4B5E-9F5F-FA4CEE1ABBED}.Win10 Release|x64.ActiveCfg = Win10 Release|x64
		{A0394AC2-3D0E-4B5E-9F5F-FA4CEE1ABBED}.Win10 Release|x64.Build.0 = Win10 Release|x64
		{A0394AC2-3D0E-4B5E-9F5F-FA4CEE1ABBED}.Win7 Debug|Win32.ActiveCfg = Win7 Debug|Win32
		{A0394AC2-3D0E-4B5E-9F5F-FA4CEE1ABBED}.Win7 Debug|Win32.Build.0 = Win7 Debug|Win32
		{A0394AC2-3D0E-4B5E-9F5F-FA4CEE1ABBED}.Win7 Debug|Win32.Deploy.0 = Win7 Debug|Win32
		{A0394AC2-3D0E-4B5E-9F5F-FA4CEE1ABBED}.Win7 Debug|x64.ActiveCfg = Win7 Debug|x64
		{A0394AC2-3D0E-4B5E-9F5F-FA4CEE1ABBED}.Win7 Debug|x64.Build.0 = Win7 Debug|x64
		{A0394AC2-3D0E-4B5E-9F5F-FA4CEE1ABBED}.Win7 Debug|x64.Deploy.0 = Win7 Debug|x64
		{A0394AC2-3D0E-4B5E-9F5F-FA4CEE1ABBED}.Win7 Release|Win32.ActiveCfg = Win7 Release|Win32
		{A0394AC2-3D0E-4B5E-9F5F-FA4CEE1ABBED}.Win7 Release|Win32.Build.0 = Win7 Release|Win32
		{A0394AC2-3D0E-4B5E-9F5F-FA4CEE1ABBED}.Win7 Release|Win32.Deploy.0 = Win7 Release|Win32
		{A0394AC2-3D0E-4B5E-9F5F-FA4CEE1ABBED}.Win7 Release|x64.ActiveCfg = Win7 Release|x64
		{A0394AC2-3D0E-4B5E-9F5F-FA4CEE1ABBED}.Win7 Release|x64.Build.0 = Win7 Release|x64
		{A0394AC2-3D0E-4B5E-9F5F-FA4CEE1ABBED}.Win7 Release|x64.Deploy.0 = Win7 Release|x64
		{A0394AC2-3D0E-4B5E-9F5F-FA4CEE1ABBED}.Win8 Debug|Win32.ActiveCfg = Win8 Debug|Win32
		{A0394AC2-3D0E-4B5E-9F5F-FA4CEE1ABBED}.Win8 Debug|Win32.Build.0 = Win8 Debug|Win32
		{A0394AC2-3D0E-4B5E-9F5F-FA4CEE1ABBED}.Win8 Debug|x64.ActiveCfg = Win8 Debug|x64
		{A0394AC2-3D0E-4B5E-9F5F-FA4CEE1ABBED}.Win8 Debug|x64.Build.0 = Win8 Debug|x64
		{A0394AC2-3D0E-4B5E-9F5F-FA4CEE1ABBED}.Win8 Debug|x64.Deploy.0 = Win8 Debug|x64
		{A0394AC2-3D0E-4B5E-9F5F-FA4CEE1ABBED}.Win8 Release|Win32.ActiveCfg = Win8 Release|Win32
		{A0394AC2-3D0E-4B5E-9F5F-FA4CEE1ABBED}.Win8 Release|Win32.Build.0 = Win8 Release|Win32
		{A0394AC2-3D0E-4B5E-9F5F-FA4CEE1ABBED}.Win8 Release|Win32.Deploy.0 = Win8 Release|Win32
		{A0394AC2-3D0E-4B5E-9F5F-FA4CEE1ABBED}.Win8 Release|x64.ActiveCfg = Win8 Release|x64
		{A0394AC2-3D0E-4B5E-9F5F-FA4CEE1ABBED}.Win8 Release|x64.Build.0 = Win8 Release|x64
		{A0394AC2-3D0E-4B5E-9F5F-FA4CEE1ABBED}.Win8 Release|x64.Deploy.0 = Win8 Release|x64
		{A0394AC2-3D0E-4B5E-9F5F-FA4CEE1ABBED}.Win8.1 Debug|Win32.ActiveCfg = Win8.1 Debug|Win32
		{A0394AC2-3D0E-4B5E-9F5F-FA4CEE1ABBED}.Win8.1 Debug|Win32.Build.0 = Win8.1 Debug|Win32
		{A0394AC2-3D0E-4B5E-9F5F-FA4CEE1ABBED}.Win8.1 Debug|Win32.Deploy.0 = Win8.1 Debug|Win32
		{A0394AC2-3D0E-4B5E-9F5F-FA4CEE1ABBED}.Win8.1 Debug|x64.ActiveCfg = Win8.1 Debug|x64
		{A0394AC2-3D0E-4B5E-9F5F-FA4CEE1ABBED}.Win8.1 Debug|x64.Build.0 = Win8.1 Debug|x64
		{A0394AC2-3D0E-4B5E-9F5F-FA4CEE1ABBED}.Win8.1 Debug|x64.Deploy.0 = Win8.1 Debug|x64
		{A0394AC2-3D0E-4B5E-9F5F-FA4CEE1ABBED}.Win8.1 Release|Win32.ActiveCfg = Win8.1 Release|Win32
		{A0394AC2-3D0E-4B5E-9F5F-FA4CEE1ABBED}.Win8.1 Release|Win32.Build.0 = Win8.1 Release|Win32
		{A0394AC2-3D0E-4B5E-9F5F-FA4CEE1ABBED}.Win8.1 Release|Win32.Deploy.0 = Win8.1 Release|Win32
		{A0394AC2-3D0E-4B5E-9F5F-FA4CEE1ABBED}.Win8.1 Release|x64.ActiveCfg = Win8.1 Release|x64
		{A0394AC2-3D0E-4B5E-9F5F-FA4CEE1ABBED}.Win8.1 Release|x64.Build.0 = Win8.1 Release|x64
		{A0394AC2-3D0E-4B5E-9F5F-FA4CEE1ABBED}.Win8.1 Release|x64.Deploy.0 = Win8.1 Release|x64
		{86BB0F88-ECD9-4E2C-AD47-AE4071D1DE10}.Debug|Win32.ActiveCfg = Win8.1 Release|x64
		{86BB0F88-ECD9-4E2C-AD47-AE4071D1DE10}.Debug|Win32.Build.0 = Win8.1 Release|x64
		{86BB0F88-ECD9-4E2C-AD47-AE4071D1DE10}.Debug|Win32.Deploy.0 = Win8.1 Release|x64
		{86BB0F88-ECD9-4E2C-AD47-AE4071D1DE10}.Debug|x64.ActiveCfg = Win8.1 Release|x64
		{86BB0F88-ECD9-4E2C-AD47-AE4071D1DE10}.Debug|x64.Build.0 = Win8.1 Release|x64
		{86BB0F88-ECD9-4E2C-AD47-AE4071D1DE10}.Debug|x64.Deploy.0 = Win8.1 Release|x64
		{86BB0F88-ECD9-4E2C-AD47-AE4071D1DE10}.Release|Win32.ActiveCfg = Win8.1 Release|x64
		{86BB0F88-ECD9-4E2C-AD47-AE4071D1DE10}.Release|Win32.Build.0 = Win8.1 Release|x64
		{86BB0F88-ECD9-4E2C-AD47-AE4071D1DE10}.Release|Win32.Deploy.0 = Win8.1 Release|x64
		{86BB0F88-ECD9-4E2C-AD47-AE4071D1DE10}.Release|x64.ActiveCfg = Win8.1 Release|x64
		{86BB0F88-ECD9-4E2C-AD47-AE4071D1DE10}.Release|x64.Build.0 = Win8.1 Release|x64
		{86BB0F88-ECD9-4E2C-AD47-AE4071D1DE10}.Release|x64.Deploy.0 = Win8.1 Release|x64
		{86BB0F88-ECD9-4E2C-AD47-AE4071D1DE10}.Win10 Debug|Win32.ActiveCfg = Win10 Debug|Win32
		{86BB0F88-ECD9-4E2C-AD47-AE4071D1DE10}.Win10 Debug|Win32.Build.0 = Win10 Debug|Win32
		{86BB0F88-ECD9-4E2C-AD47-AE4071D1DE10}.Win10 Debug|Win32.Deploy.0 = Win10 Debug|Win32
		{86BB0F88-ECD9-4E2C-AD47-AE4071D1DE10}.Win10 Debug|x64.ActiveCfg = Win10 Debug|x64
		{86BB0F88-ECD9-4E2C-AD47-AE4071D1DE10}.Win10 Debug|x64.Build.0 = Win10 Debug|x64
		{86BB0F88-ECD9-4E2C-AD47-AE4071D1DE10}.Win10 Debug|x64.Deploy.0 = Win10 Debug|x64
		{86BB0F88-ECD9-4E2C-AD47-AE4071D1DE10}.Win10 Release|Win32.ActiveCfg = Win10 Release|Win32
		{86BB0F88-ECD9-4E2C-AD47-AE4071D1DE10}.Win10 Release|Win32.Build.0 = Win10 Release|Win32
		{86BB0F88-ECD9-4E2C-AD47-AE4071D1DE10}.Win10 Release|Win32.Deploy.0 = Win10 Release|Win32
		{86BB0F88-ECD9-4E2C-AD47-AE4071D1DE10}.Win10 Release|x64.ActiveCfg = Win10 Release|x64
		{86BB0F88-ECD9-4E2C-AD47-AE4071D1DE10}.Win10 Release|x64.Build.0 = Win10 Release|x64
		{86BB0F88-ECD9-4E2C-AD47-AE4071D1DE10}.Win10 Release|x64.Deploy.0 = Win10 Release|x64
		{86BB0F88-ECD9-4E2C-AD47-AE4071D1DE10}.Win7 Debug|Win32.ActiveCfg = Win7 Debug|Win32
		{86BB0F88-ECD9-4E2C-AD47-AE4071D1DE10}.Win7 Debug|Win32.Build.0 = Win7 Debug|Win32
		{86BB0F88-ECD9-4E2C-AD47-AE4071D1DE10}.Win7 Debug|Win32.Deploy.0 = Win7 Debug|Win32
		{86BB0F88-ECD9-4E2C-AD47-AE4071D1DE10}.Win7 Debug|x64.ActiveCfg = Win7 Debug|x64
		{86BB0F88-ECD9-4E2C-AD47-AE4071D1DE10}.Win7 Debug|x64.Build.0 = Win7 Debug|x64
		{86BB0F88-ECD9-4E2C-AD47-AE4071D1DE10}.Win7 Debug|x64.Deploy.0 = Win7 Debug|x64
		{86BB0F88-ECD9-4E2C-AD47-AE4071D1DE10}.Win7 Release|Win32.ActiveCfg = Win7 Release|Win32
		{86BB0F88-ECD9-4E2C-AD47-AE4071D1DE10}.Win7 Release|Win32.Build.0 = Win7 Release|Win32
		{86BB0F88-ECD9-4E2C-AD47-AE4071D1DE10}.Win7 Release|Win32.Deploy.0 = Win7 Release|Win32
		{86BB0F88-ECD9-4E2C-AD47-AE4071D1DE10}.Win7 Release|x64.ActiveCfg = Win7 Release|x64
		{86BB0F88-ECD9-4E2C-AD47-AE4071D1DE10}.Win7 Release|x64.Build.0 = Win7 Release|x64
		{86BB0F88-ECD9-4E2C-AD47-AE4071D1DE10}.Win7 Release|x64.Deploy.0 = Win7 Release|x64
		{86BB0F88-ECD9-4E2C-AD47-AE4071D1DE10}.Win8 Debug|Win32.ActiveCfg = Win8 Debug|Win32
		{86BB0F88-ECD9-4E2C-AD47-AE4071D1DE10}.Win8 Debug|Win32.Build.0 = Win8 Debug|Win32
		{86BB0F88-ECD9-4E2C-AD47-AE4071D1DE10}.Win8 Debug|Win32.Deploy.0 = Win8 Debug|Win32
		{86BB0F88-ECD9-4E2C-AD47-AE4071D1DE10}.Win8 Debug|x64.ActiveCfg = Win8 Debug|x64
		{86BB0F88-ECD9-4E2C-AD47-AE4071D1DE10}.Win8 Debug|x64.Build.0 = Win8 Debug|x64
		{86BB0F88-ECD9-4E2C-AD47-AE4071D1DE10}.Win8 Debug|x64.Deploy.0 = Win8 Debug|x64
		{86BB0F88-ECD9-4E2C-AD47-AE4071D1DE10}.Win8 Release|Win32.ActiveCfg = Win8 Release|Win32
		{86BB0F88-ECD9-4E2C-AD47-AE4071D1DE10}.Win8 Release|Win32.Build.0 = Win8 Release|Win32
		{86BB0F88-ECD9-4E2C-AD47-AE4071D1DE10}.Win8 Release|Win32.Deploy.0 = Win8 Release|Win32
		{86BB0F88-ECD9-4E2C-AD47-AE4071D1DE10}.Win8 Release|x64.ActiveCfg = Win8 Release|x64
		{86BB0F88-ECD9-4E2C-AD47-AE4071D1DE10}.Win8 Release|x64.Build.0 = Win8 Release|x64
		{86BB0F88-ECD9-4E2C-AD47-AE4071D1DE10}.Win8 Release|x64.Deploy.0 = Win8 Release|x64
		{86BB0F88-ECD9-4E2C-AD47-AE4071D1DE10}.Win8.1 Debug|Win32.ActiveCfg = Win8.1 Debug|Win32
		{86BB0F88-ECD9-4E2C-AD47-AE4071D1DE10}.Win8.1 Debug|Win32.Build.0 = Win8.1 Debug|Win32
		{86BB0F88-ECD9-4E2C-AD47-AE4071D1DE10}.Win8.1 Debug|Win32.Deploy.0 = Win8.1 Debug|Win32
		{86BB0F88-ECD9-4E2C-AD47-AE4071D1DE10}.Win8.1 Debug|x64.ActiveCfg = Win8.1 Debug|x64
		{86BB0F88-ECD9-4E2C-AD47-AE4071D1DE10}.Win8.1 Debug|x64.Build.0 = Win8.1 Debug|x64
		{86BB0F88-ECD9-4E2C-AD47-AE4071D1DE10}.Win8.1 Debug|x64.Deploy.0 = Win8.1 Debug|x64
		{86BB0F88-ECD9-4E2C-AD47-AE4071D1DE10}.Win8.1 Release|Win32.ActiveCfg = Win8.1 Release|Win32
		{86BB0F88-ECD9-4E2C-AD47-AE4071D1DE10}.Win8.1 Release|Win32.Build.0 = Win8.1 Release|Win32
		{86BB0F88-ECD9-4E2C-AD47-AE4071D1DE10}.Win8.1 Release|Win32.Deploy.0 = Win8.1 Release|Win32
		{86BB0F88-ECD9-4E2C-AD47-AE4071D1DE10}.Win8.1 Release|x64.ActiveCfg = Win8.1 Release|x64
		{86BB0F88-ECD9-4E2C-AD47-AE4071D1DE10}.Win8.1 Release|x64.Build.0 = Win8.1 Release|x64
		{86BB0F88-ECD9-4E2C-AD47-AE4071D1DE10}.Win8.1 Release|x64.Deploy.0 = Win8.1 Release|x64
		{F54EA0D4-064F-4AD9-AA21-8F9F3B90AC8E}.Debug|Win32.ActiveCfg = Win8.1 Release|x64
		{F54EA0D4-064F-4AD9-AA21-8F9F3B90AC8E}.Debug|Win32.Build.0 = Win8.1 Release|x64
		{F54EA0D4-064F-4AD9-AA21-8F9F3B90AC8E}.Debug|Win32.Deploy.0 = Win8.1 Release|x64
		{F54EA0D4-064F-4AD9-AA21-8F9F3B90AC8E}.Debug|x64.ActiveCfg = Win8.1 Release|x64
		{F54EA0D4-064F-4AD9-AA21-8F9F3B90AC8E}.Debug|x64.Build.0 = Win8.1 Release|x64
		{F54EA0D4-064F-4AD9-AA21-8F9F3B90AC8E}.Debug|x64.Deploy.0 = Win8.1 Release|x64
		{F54EA0D4-064F-4AD9-AA21-8F9F3B90AC8E}.Release|Win32.ActiveCfg = Win8.1 Release|x64
		{F54EA0D4-064F-4AD9-AA21-8F9F3B90AC8E}.Release|Win32.Build.0 = Win8.1 Release|x64
		{F54EA0D4-064F-4AD9-AA21-8F9F3B90AC8E}.Release|Win32.Deploy.0 = Win8.1 Release|x64
		{F54EA0D4-064F-4AD9-AA21-8F9F3B90AC8E}.Release|x64.ActiveCfg = Win8.1 Release|x64
		{F54EA0D4-064F-4AD9-AA21-8F9F3B90AC8E}.Release|x64.Build.0 = Win8.1 Release|x64
		{F54EA0D4-064F-4AD9-AA21-8F9F3B90AC8E}.Release|x64.Deploy.0 = Win8.1 Release|x64
		{F54EA0D4-064F-4AD9-AA21-8F9F3B90AC8E}.Win10 Debug|Win32.ActiveCfg = Win10 Debug|Win32
		{F54EA0D4-064F-4AD9-AA21-8F9F3B90AC8E}.Win10 Debug|Win32.Build.0 = Win10 Debug|Win32
		{F54EA0D4-064F-4AD9-AA21-8F9F3B90AC8E}.Win10 Debug|Win32.Deploy.0 = Win10 Debug|Win32
		{F54EA0D4-064F-4AD9-AA21-8F9F3B90AC8E}.Win10 Debug|x64.ActiveCfg = Win10 Debug|x64
		{F54EA0D4-064F-4AD9-AA21-8F9F3B90AC8E}.Win10 Debug|x64.Build.0 = Win10 Debug|x64
		{F54EA0D4-064F-4AD9-AA21-8F9F3B90AC8E}.Win10 Debug|x64.Deploy.0 = Win10 Debug|x64
		{F54EA0D4-064F-4AD9-AA21-8F9F3B90AC8E}.Win10 Release|Win32.ActiveCfg = Win10 Release|Win32
		{F54EA0D4-064F-4AD9-AA21-8F9F3B90AC8E}.Win10 Release|Win32.Build.0 = Win10 Release|Win32
		{F54EA0D4-064F-4AD9-AA21-8F9F3B90AC8E}.Win10 Release|Win32.Deploy.0 = Win10 Release|Win32
		{F54EA0D4-064F-4AD9-AA21-8F9F3B90AC8E}.Win10 Release|x64.ActiveCfg = Win10 Release|x64
		{F54EA0D4-064F-4AD9-AA21-8F9F3B90AC8E}.Win10 Release|x64.Build.0 = Win10 Release|x64
		{F54EA0D4-064F-4AD9-AA21-8F9F3B90AC8E}.Win10 Release|x64.Deploy.0 = Win10 Release|x64
		{F54EA0D4-064F-4AD9-AA21-8F9F3B90AC8E}.Win7 Debug|Win32.ActiveCfg = Win7 Debug|Win32
		{F54EA0D4-064F-4AD9-AA21-8F9F3B90AC8E}.Win7 Debug|Win32.Build.0 = Win7 Debug|Win32
		{F54EA0D4-064F-4AD9-AA21-8F9F3B90AC8E}.Win7 Debug|Win32.Deploy.0 = Win7 Debug|Win32
		{F54EA0D4-064F-4AD9-AA21-8F9F3B90AC8E}.Win7 Debug|x64.ActiveCfg = Win7 Debug|x64
		{F54EA0D4-064F-4AD9-AA21-8F9F3B90AC8E}.Win7 Debug|x64.Build.0 = Win7 Debug|x64
		{F54EA0D4-064F-4AD9-AA21-8F9F3B90AC8E}.Win7 Debug|x64.Deploy.0 = Win7 Debug|x64
		{F54EA0D4-064F-4AD9-AA21-8F9F3B90AC8E}.Win7 Release|Win32.ActiveCfg = Win7 Release|Win32
		{F54EA0D4-064F-4AD9-AA21-8F9F3B90AC8E}.Win7 Release|Win32.Build.0 = Win7 Release|Win32
		{F54EA0D4-064F-4AD9-AA21-8F9F3B90AC8E}.Win7 Release|Win32.Deploy.0 = Win7 Release|Win32
		{F54EA0D4-064F-4AD9-AA21-8F9F3B90AC8E}.Win7 Release|x64.ActiveCfg = Win7 Release|x64
		{F54EA0D4-064F-4AD9-AA21-8F9F3B90AC8E}.Win7 Release|x64.Build.0 = Win7 Release|x64
		{F54EA0D4-064F-4AD9-AA21-8F9F3B90AC8E}.Win7 Release|x64.Deploy.0 = Win7 Release|x64
		{F54EA0D4-064F-4AD9-AA21-8F9F3B90AC8E}.Win8 Debug|Win32.ActiveCfg = Win8 Debug|Win32
		{F54EA0D4-064F-4AD9-AA21-8F9F3B90AC8E}.Win8 Debug|Win32.Build.0 = Win8 Debug|Win32
		{F54EA0D4-064F-4AD9-AA21-8F9F3B90AC8E}.Win8 Debug|Win32.Deploy.0 = Win8 Debug|Win32
		{F54EA0D4-064F-4AD9-AA21-8F9F3B90AC8E}.Win8 Debug|x64.ActiveCfg = Win8 Debug|x64
		{F54EA0D4-064F-4AD9-AA21-8F9F3B90AC8E}.Win8 Debug|x64.Build.0 = Win8 Debug|x64
		{F54EA0D4-064F-4AD9-AA21-8F9F3B90AC8E}.Win8 Debug|x64.Deploy.0 = Win8 Debug|x64
		{F54EA0D4-064F-4AD9-AA21-8F9F3B90AC8E}.Win8 Release|Win32.ActiveCfg = Win8 Release|Win32
		{F54EA0D4-064F-4AD9-AA21-8F9F3B90AC8E}.Win8 Release|Win32.Build.0 = Win8 Release|Win32
		{F54EA0D4-064F-4AD9-AA21-8F9F3B90AC8E}.Win8 Release|Win32.Deploy.0 = Win8 Release|Win32
		{F54EA0D4-064F-4AD9-AA21-8F9F3B90AC8E}.Win8 Release|x64.ActiveCfg = Win8 Release|x64
		{F54EA0D4-064F-4AD9-AA21-8F9F3B90AC8E}.Win8 Release|x64.Build.0 = Win8 Release|x64
		{F54EA0D4-064F-4AD9-AA21-8F9F3B90AC8E}.Win8 Release|x64.Deploy.0 = Win8 Release|x64
		{F54EA0D4-064F-4AD9-AA21-8F9F3B90AC8E}.Win8.1 Debug|Win32.ActiveCfg = Win8.1 Debug|Win32
		{F54EA0D4-064F-4AD9-AA21-8F9F3B90AC8E}.Win8.1 Debug|Win32.Build.0 = Win8.1 Debug|Win32
		{F54EA0D4-064F-4AD9-AA21-8F9F3B90AC8E}.Win8.1 Debug|Win32.Deploy.0 = Win8.1 Debug|Win32
		{F54EA0D4-064F-4AD9-AA21-8F9F3B90AC8E}.Win8.1 Debug|x64.ActiveCfg = Win8.1 Debug|x64
		{F54EA0D4-064F-4AD9-AA21-8F9F3B90AC8E}.Win8.1 Debug|x64.Build.0 = Win8.1 Debug|x64
		{F54EA0D4-064F-4AD9-AA21-8F9F3B90AC8E}.Win8.1 Debug|x64.Deploy.0 = Win8.1 Debug|x64
		{F54EA0D4-064F-4AD9-AA21-8F9F3B90AC8E}.Win8.1 Release|Win32.ActiveCfg = Win8.1 Release|Win32
		{F54EA0D4-064F-4AD9-AA21-8F9F3B90AC8E}.Win8.1 Release|Win32.Build.0 = Win8.1 Release|Win32
		{F54EA0D4-064F-4AD9-AA21-8F9F3B90AC8E}.Win8.1 Release|Win32.Deploy.0 = Win8.1 Release|Win32
		{F54EA0D4-064F-4AD9-AA21-8F9F3B90AC8E}.Win8.1 Release|x64.ActiveCfg = Win8.1 Release|x64
		{F54EA0D4-064F-4AD9-AA21-8F9F3B90AC8E}.Win8.1 Release|x64.Build.0 = Win8.1 Release|x64
		{F54EA0D4-064F-4AD9-AA21-8F9F3B90AC8E}.Win8.1 Release|x64.Deploy.0 = Win8.1 Release|x64
	EndGlobalSection
	GlobalSection(SolutionProperties) = preSolution
		HideSolutionNode = FALSE
	EndGlobalSection
	GlobalSection(NestedProjects) = preSolution
		{789055E4-2677-413D-A638-3E2AED7C7427} = {84E0C4A9-E647-4ECB-B7B6-76D908925A15}
		{72648F4C-6AAA-4E69-99C9-66D9D6400EE9} = {84E0C4A9-E647-4ECB-B7B6-76D908925A15}
		{A0394AC2-3D0E-4B5E-9F5F-FA4CEE1ABBED} = {84E0C4A9-E647-4ECB-B7B6-76D908925A15}
		{86BB0F88-ECD9-4E2C-AD47-AE4071D1DE10} = {D93B3836-DCAF-4E38-9E2F-9D22C64DA946}
		{F54EA0D4-064F-4AD9-AA21-8F9F3B90AC8E} = {D93B3836-DCAF-4E38-9E2F-9D22C64DA946}
	EndGlobalSection
EndGlobal
