<?xml version="1.0" encoding="utf-8"?>
<Project ToolsVersion="4.0" xmlns="http://schemas.microsoft.com/developer/msbuild/2003">
  <ItemGroup>
    <Filter Include="Source Files">
      <Extensions>cpp;c;cc;cxx;def;odl;idl;hpj;bat;asm;asmx;*</Extensions>
      <UniqueIdentifier>{DAB6CF5D-80E4-41E6-94DC-BD0E65A1ED3C}</UniqueIdentifier>
    </Filter>
    <Filter Include="Header Files">
      <Extensions>h;hpp;hxx;hm;inl;inc;xsd</Extensions>
      <UniqueIdentifier>{EBDCDBA9-1D07-42D0-ABB6-E18F46D4F391}</UniqueIdentifier>
    </Filter>
    <Filter Include="Resource Files">
      <Extensions>rc;ico;cur;bmp;dlg;rc2;rct;bin;rgs;gif;jpg;jpeg;jpe;resx;tiff;tif;png;wav;mfcribbon-ms;man;xml</Extensions>
      <UniqueIdentifier>{074745A9-46F7-43BC-9EE6-6A2569342316}</UniqueIdentifier>
    </Filter>
  </ItemGroup>
  <ItemGroup>
    <ClCompile Include="device.c">
      <Filter>Source Files</Filter>
    </ClCompile>
    <ClCompile Include="filter.c">
      <Filter>Source Files</Filter>
    </ClCompile>
    <ClCompile Include="flt_dbg.c">
      <Filter>Source Files</Filter>
    </ClCompile>
    <ClCompile Include="precompsrc.c">
      <Filter>Source Files</Filter>
    </ClCompile>
  </ItemGroup>
  <ItemGroup>
    <ClInclude Include="filter.h">
      <Filter>Header Files</Filter>
    </ClInclude>
    <ClInclude Include="filteruser.h" />
    <ClInclude Include="flt_dbg.h" />
    <ClInclude Include="precomp.h" />
    <ClInclude Include="filter.h">
      <Filter>Header Files</Filter>
    </ClInclude>
    <ClInclude Include="filteruser.h" />
    <ClInclude Include="flt_dbg.h" />
    <ClInclude Include="precomp.h" />
    <ClInclude Include="filter.h">
      <Filter>Header Files</Filter>
    </ClInclude>
    <ClInclude Include="filteruser.h" />
    <ClInclude Include="flt_dbg.h" />
    <ClInclude Include="precomp.h" />
    <ClInclude Include="filter.h">
      <Filter>Header Files</Filter>
    </ClInclude>
    <ClInclude Include="filteruser.h" />
    <ClInclude Include="flt_dbg.h" />
    <ClInclude Include="precomp.h" />
    <ClInclude Include="filter.h">
      <Filter>Header Files</Filter>
    </ClInclude>
    <ClInclude Include="filteruser.h" />
    <ClInclude Include="flt_dbg.h" />
    <ClInclude Include="precomp.h" />
    <ClInclude Include="filter.h">
      <Filter>Header Files</Filter>
    </ClInclude>
    <ClInclude Include="filteruser.h" />
    <ClInclude Include="flt_dbg.h" />
    <ClInclude Include="precomp.h" />
    <ClInclude Include="filter.h">
      <Filter>Header Files</Filter>
    </ClInclude>
    <ClInclude Include="filteruser.h" />
    <ClInclude Include="flt_dbg.h" />
    <ClInclude Include="precomp.h" />
    <ClInclude Include="filter.h">
      <Filter>Header Files</Filter>
    </ClInclude>
    <ClInclude Include="filteruser.h" />
    <ClInclude Include="flt_dbg.h" />
    <ClInclude Include="precomp.h" />
    <ClInclude Include="filter.h">
      <Filter>Header Files</Filter>
    </ClInclude>
    <ClInclude Include="filteruser.h" />
    <ClInclude Include="flt_dbg.h" />
    <ClInclude Include="precomp.h" />
    <ClInclude Include="filter.h">
      <Filter>Header Files</Filter>
    </ClInclude>
    <ClInclude Include="filteruser.h" />
    <ClInclude Include="flt_dbg.h" />
    <ClInclude Include="precomp.h" />
    <ClInclude Include="filter.h">
      <Filter>Header Files</Filter>
    </ClInclude>
    <ClInclude Include="filteruser.h" />
    <ClInclude Include="flt_dbg.h" />
    <ClInclude Include="precomp.h" />
    <ClInclude Include="filter.h">
      <Filter>Header Files</Filter>
    </ClInclude>
    <ClInclude Include="filteruser.h" />
    <ClInclude Include="flt_dbg.h" />
    <ClInclude Include="precomp.h" />
    <ClInclude Include="filter.h">
      <Filter>Header Files</Filter>
    </ClInclude>
    <ClInclude Include="filteruser.h" />
    <ClInclude Include="flt_dbg.h" />
    <ClInclude Include="precomp.h" />
    <ClInclude Include="filter.h">
      <Filter>Header Files</Filter>
    </ClInclude>
    <ClInclude Include="filteruser.h" />
    <ClInclude Include="flt_dbg.h" />
    <ClInclude Include="precomp.h" />
    <ClInclude Include="filter.h">
      <Filter>Header Files</Filter>
    </ClInclude>
    <ClInclude Include="filteruser.h" />
    <ClInclude Include="flt_dbg.h" />
    <ClInclude Include="precomp.h" />
    <ClInclude Include="filter.h">
      <Filter>Header Files</Filter>
    </ClInclude>
    <ClInclude Include="filteruser.h" />
    <ClInclude Include="flt_dbg.h" />
    <ClInclude Include="precomp.h" />
    <ClInclude Include="filter.h">
      <Filter>Header Files</Filter>
    </ClInclude>
    <ClInclude Include="filteruser.h" />
    <ClInclude Include="flt_dbg.h" />
    <ClInclude Include="precomp.h" />
    <ClInclude Include="filter.h">
      <Filter>Header Files</Filter>
    </ClInclude>
    <ClInclude Include="filteruser.h" />
    <ClInclude Include="flt_dbg.h" />
    <ClInclude Include="precomp.h" />
    <ClInclude Include="filter.h">
      <Filter>Header Files</Filter>
    </ClInclude>
    <ClInclude Include="filteruser.h" />
    <ClInclude Include="flt_dbg.h" />
    <ClInclude Include="precomp.h" />
    <ClInclude Include="filter.h">
      <Filter>Header Files</Filter>
    </ClInclude>
    <ClInclude Include="filteruser.h" />
    <ClInclude Include="flt_dbg.h" />
    <ClInclude Include="precomp.h" />
    <ClInclude Include="filter.h">
      <Filter>Header Files</Filter>
    </ClInclude>
    <ClInclude Include="filteruser.h" />
    <ClInclude Include="flt_dbg.h" />
    <ClInclude Include="precomp.h" />
    <ClInclude Include="filter.h">
      <Filter>Header Files</Filter>
    </ClInclude>
    <ClInclude Include="filteruser.h" />
    <ClInclude Include="flt_dbg.h" />
    <ClInclude Include="precomp.h" />
    <ClInclude Include="filter.h">
      <Filter>Header Files</Filter>
    </ClInclude>
    <ClInclude Include="filteruser.h" />
    <ClInclude Include="flt_dbg.h" />
    <ClInclude Include="precomp.h" />
    <ClInclude Include="filter.h">
      <Filter>Header Files</Filter>
    </ClInclude>
    <ClInclude Include="filteruser.h" />
    <ClInclude Include="flt_dbg.h" />
    <ClInclude Include="precomp.h" />
    <ClInclude Include="filter.h">
      <Filter>Header Files</Filter>
    </ClInclude>
    <ClInclude Include="filteruser.h" />
    <ClInclude Include="flt_dbg.h" />
    <ClInclude Include="precomp.h" />
    <ClInclude Include="filter.h">
      <Filter>Header Files</Filter>
    </ClInclude>
    <ClInclude Include="filteruser.h" />
    <ClInclude Include="flt_dbg.h" />
    <ClInclude Include="precomp.h" />
    <ClInclude Include="filter.h">
      <Filter>Header Files</Filter>
    </ClInclude>
    <ClInclude Include="filteruser.h" />
    <ClInclude Include="flt_dbg.h" />
    <ClInclude Include="precomp.h" />
    <ClInclude Include="filter.h">
      <Filter>Header Files</Filter>
    </ClInclude>
    <ClInclude Include="filteruser.h" />
    <ClInclude Include="flt_dbg.h" />
    <ClInclude Include="precomp.h" />
    <ClInclude Include="filter.h">
      <Filter>Header Files</Filter>
    </ClInclude>
    <ClInclude Include="filteruser.h" />
    <ClInclude Include="flt_dbg.h" />
    <ClInclude Include="precomp.h" />
    <ClInclude Include="filter.h">
      <Filter>Header Files</Filter>
    </ClInclude>
    <ClInclude Include="filteruser.h" />
    <ClInclude Include="flt_dbg.h" />
    <ClInclude Include="precomp.h" />
    <ClInclude Include="filter.h">
      <Filter>Header Files</Filter>
    </ClInclude>
    <ClInclude Include="filteruser.h" />
    <ClInclude Include="flt_dbg.h" />
    <ClInclude Include="precomp.h" />
    <ClInclude Include="filter.h">
      <Filter>Header Files</Filter>
    </ClInclude>
    <ClInclude Include="filteruser.h" />
    <ClInclude Include="flt_dbg.h" />
    <ClInclude Include="precomp.h" />
    <ClInclude Include="filter.h">
      <Filter>Header Files</Filter>
    </ClInclude>
    <ClInclude Include="filteruser.h" />
    <ClInclude Include="flt_dbg.h" />
    <ClInclude Include="precomp.h" />
    <ClInclude Include="filter.h">
      <Filter>Header Files</Filter>
    </ClInclude>
    <ClInclude Include="filteruser.h" />
    <ClInclude Include="flt_dbg.h" />
    <ClInclude Include="precomp.h" />
    <ClInclude Include="filter.h">
      <Filter>Header Files</Filter>
    </ClInclude>
    <ClInclude Include="filteruser.h" />
    <ClInclude Include="flt_dbg.h" />
    <ClInclude Include="precomp.h" />
    <ClInclude Include="filter.h">
      <Filter>Header Files</Filter>
    </ClInclude>
    <ClInclude Include="filteruser.h" />
    <ClInclude Include="flt_dbg.h" />
    <ClInclude Include="precomp.h" />
    <ClInclude Include="filter.h">
      <Filter>Header Files</Filter>
    </ClInclude>
    <ClInclude Include="filteruser.h" />
    <ClInclude Include="flt_dbg.h" />
    <ClInclude Include="precomp.h" />
    <ClInclude Include="filter.h">
      <Filter>Header Files</Filter>
    </ClInclude>
    <ClInclude Include="filteruser.h" />
    <ClInclude Include="flt_dbg.h" />
    <ClInclude Include="precomp.h" />
    <ClInclude Include="filter.h">
      <Filter>Header Files</Filter>
    </ClInclude>
    <ClInclude Include="filteruser.h" />
    <ClInclude Include="flt_dbg.h" />
    <ClInclude Include="precomp.h" />
    <ClInclude Include="filter.h">
      <Filter>Header Files</Filter>
    </ClInclude>
    <ClInclude Include="filteruser.h" />
    <ClInclude Include="flt_dbg.h" />
    <ClInclude Include="precomp.h" />
    <ClInclude Include="filter.h">
      <Filter>Header Files</Filter>
    </ClInclude>
    <ClInclude Include="filteruser.h" />
    <ClInclude Include="flt_dbg.h" />
    <ClInclude Include="precomp.h" />
    <ClInclude Include="filter.h">
      <Filter>Header Files</Filter>
    </ClInclude>
    <ClInclude Include="filteruser.h" />
    <ClInclude Include="flt_dbg.h" />
    <ClInclude Include="precomp.h" />
    <ClInclude Include="filter.h">
      <Filter>Header Files</Filter>
    </ClInclude>
    <ClInclude Include="filteruser.h" />
    <ClInclude Include="flt_dbg.h" />
    <ClInclude Include="precomp.h" />
    <ClInclude Include="filter.h">
      <Filter>Header Files</Filter>
    </ClInclude>
    <ClInclude Include="filteruser.h" />
    <ClInclude Include="flt_dbg.h" />
    <ClInclude Include="precomp.h" />
    <ClInclude Include="filter.h">
      <Filter>Header Files</Filter>
    </ClInclude>
    <ClInclude Include="filteruser.h" />
    <ClInclude Include="flt_dbg.h" />
    <ClInclude Include="precomp.h" />
    <ClInclude Include="filter.h">
      <Filter>Header Files</Filter>
    </ClInclude>
    <ClInclude Include="filteruser.h" />
    <ClInclude Include="flt_dbg.h" />
    <ClInclude Include="precomp.h" />
  </ItemGroup>
  <ItemGroup>
    <ResourceCompile Include="filter.rc">
      <Filter>Resource Files</Filter>
    </ResourceCompile>
  </ItemGroup>
  <ItemGroup>
    <Inf Include="$(ProjectName).inf" />
  </ItemGroup>
</Project>